
Microsoft Visual Studio Solution File, Format Version 12.00
# Visual Studio Version 17
VisualStudioVersion = 17.2.32616.157
MinimumVisualStudioVersion = 10.0.40219.1
Project("{9A19103F-16F7-4668-BE54-9A1E7A4F7556}") = "ProductShop", "ProductShop\ProductShop.csproj", "{BA3269CE-9B87-4009-A578-B19497394BA0}"
EndProject
Project("{9A19103F-16F7-4668-BE54-9A1E7A4F7556}") = "ProductShopLibrary", "ProductShopLibrary\ProductShopLibrary.csproj", "{48DD998E-BC25-4B17-B1BA-4F149FDCE84C}"
EndProject
Project("{FAE04EC0-301F-11D3-BF4B-00C04F79EFBC}") = "ProductShopAPI", "ProductShopAPI\ProductShopAPI.csproj", "{704CE86E-3419-4AB9-8D34-6997401CC3B7}"
EndProject
Global
	GlobalSection(SolutionConfigurationPlatforms) = preSolution
		Debug|Any CPU = Debug|Any CPU
		Release|Any CPU = Release|Any CPU
	EndGlobalSection
	GlobalSection(ProjectConfigurationPlatforms) = postSolution
		{BA3269CE-9B87-4009-A578-B19497394BA0}.Debug|Any CPU.ActiveCfg = Debug|Any CPU
		{BA3269CE-9B87-4009-A578-B19497394BA0}.Debug|Any CPU.Build.0 = Debug|Any CPU
		{BA3269CE-9B87-4009-A578-B19497394BA0}.Release|Any CPU.ActiveCfg = Release|Any CPU
		{BA3269CE-9B87-4009-A578-B19497394BA0}.Release|Any CPU.Build.0 = Release|Any CPU
		{48DD998E-BC25-4B17-B1BA-4F149FDCE84C}.Debug|Any CPU.ActiveCfg = Debug|Any CPU
		{48DD998E-BC25-4B17-B1BA-4F149FDCE84C}.Debug|Any CPU.Build.0 = Debug|Any CPU
		{48DD998E-BC25-4B17-B1BA-4F149FDCE84C}.Release|Any CPU.ActiveCfg = Release|Any CPU
		{48DD998E-BC25-4B17-B1BA-4F149FDCE84C}.Release|Any CPU.Build.0 = Release|Any CPU
		{704CE86E-3419-4AB9-8D34-6997401CC3B7}.Debug|Any CPU.ActiveCfg = Debug|Any CPU
		{704CE86E-3419-4AB9-8D34-6997401CC3B7}.Debug|Any CPU.Build.0 = Debug|Any CPU
		{704CE86E-3419-4AB9-8D34-6997401CC3B7}.Release|Any CPU.ActiveCfg = Release|Any CPU
		{704CE86E-3419-4AB9-8D34-6997401CC3B7}.Release|Any CPU.Build.0 = Release|Any CPU
	EndGlobalSection
	GlobalSection(SolutionProperties) = preSolution
		HideSolutionNode = FALSE
	EndGlobalSection
	GlobalSection(ExtensibilityGlobals) = postSolution
		SolutionGuid = {925A272A-E0B9-48E6-8DEE-C3B91F45E053}
	EndGlobalSection
EndGlobal
